
Microsoft Visual Studio Solution File, Format Version 12.00
# Visual Studio Version 17
VisualStudioVersion = 17.14.36212.18
MinimumVisualStudioVersion = 10.0.40219.1
Project("{FAE04EC0-301F-11D3-BF4B-00C04F79EFBC}") = "AutoSpareMarket.Domain", "AutoSpareMarket\AutoSpareMarket.Domain.csproj", "{B701D9CF-BE9D-4382-B5FE-DC8B08E26174}"
EndProject
Project("{2150E333-8FDC-42A3-9474-1A3956D46DE8}") = "DATA", "DATA", "{852FA537-8F28-40AA-B6F5-4105B0AECA80}"
EndProject
Project("{2150E333-8FDC-42A3-9474-1A3956D46DE8}") = "Domain", "Domain", "{A4EFD912-AF3D-45FA-B333-FCB5BD1E2E36}"
EndProject
Project("{2150E333-8FDC-42A3-9474-1A3956D46DE8}") = "DataAccessLayer", "DataAccessLayer", "{94730968-9D63-479D-AD5B-1774F711D2D2}"
EndProject
Project("{FAE04EC0-301F-11D3-BF4B-00C04F79EFBC}") = "AutoSpareMarket.DAL", "AutoSpareMarket.DAL\AutoSpareMarket.DAL.csproj", "{3758D6B9-3B73-4941-8452-54D94AA38117}"
EndProject
Project("{2150E333-8FDC-42A3-9474-1A3956D46DE8}") = "Utils", "Utils", "{36D591C7-65C7-A0D1-1CBC-10CDE441BDC8}"
EndProject
Project("{2150E333-8FDC-42A3-9474-1A3956D46DE8}") = "Validation", "Validation", "{AA099EAB-F4FD-49E8-9A69-F64CFB731E3A}"
EndProject
Project("{FAE04EC0-301F-11D3-BF4B-00C04F79EFBC}") = "AutoSpareMarket.Validation", "AutoSpareMarket.Validation\AutoSpareMarket.Validation.csproj", "{641FE1DA-52CB-4CE0-8D35-237E864E3303}"
EndProject
Project("{2150E333-8FDC-42A3-9474-1A3956D46DE8}") = "Service", "Service", "{051CB6B0-D678-4B00-AD11-C01E396821CD}"
EndProject
Project("{FAE04EC0-301F-11D3-BF4B-00C04F79EFBC}") = "AutoSpareMarket.Service", "AutoSpareMarket.Service\AutoSpareMarket.Service.csproj", "{82304F43-500E-47BB-B8D5-05C275F910D3}"
	ProjectSection(ProjectDependencies) = postProject
		{3758D6B9-3B73-4941-8452-54D94AA38117} = {3758D6B9-3B73-4941-8452-54D94AA38117}
	EndProjectSection
EndProject
Project("{2150E333-8FDC-42A3-9474-1A3956D46DE8}") = "WebAPI", "WebAPI", "{E0459FC4-7716-45BA-B1EE-CDA5425CB6ED}"
EndProject
Project("{2150E333-8FDC-42A3-9474-1A3956D46DE8}") = "API", "API", "{09C29207-15E2-424F-8301-135A11D14860}"
EndProject
Project("{2150E333-8FDC-42A3-9474-1A3956D46DE8}") = "Models", "Models", "{8029D1FC-D30A-4ED2-8A11-FFD5B5C73B64}"
EndProject
Project("{FAE04EC0-301F-11D3-BF4B-00C04F79EFBC}") = "AutoSpareMarket.API", "AutoSpareMarket.API\AutoSpareMarket.API.csproj", "{548816DE-8934-4F1D-AFA5-985843E3F258}"
EndProject
Project("{FAE04EC0-301F-11D3-BF4B-00C04F79EFBC}") = "AutoSpareMarket.APIModels", "AutoSpareMarket.APIModels\AutoSpareMarket.APIModels.csproj", "{422C997B-D42E-45D8-9DBA-0ADFB90A61A3}"
EndProject
Global
	GlobalSection(SolutionConfigurationPlatforms) = preSolution
		Debug|Any CPU = Debug|Any CPU
		Release|Any CPU = Release|Any CPU
	EndGlobalSection
	GlobalSection(ProjectConfigurationPlatforms) = postSolution
		{B701D9CF-BE9D-4382-B5FE-DC8B08E26174}.Debug|Any CPU.ActiveCfg = Debug|Any CPU
		{B701D9CF-BE9D-4382-B5FE-DC8B08E26174}.Debug|Any CPU.Build.0 = Debug|Any CPU
		{B701D9CF-BE9D-4382-B5FE-DC8B08E26174}.Release|Any CPU.ActiveCfg = Release|Any CPU
		{B701D9CF-BE9D-4382-B5FE-DC8B08E26174}.Release|Any CPU.Build.0 = Release|Any CPU
		{3758D6B9-3B73-4941-8452-54D94AA38117}.Debug|Any CPU.ActiveCfg = Debug|Any CPU
		{3758D6B9-3B73-4941-8452-54D94AA38117}.Debug|Any CPU.Build.0 = Debug|Any CPU
		{3758D6B9-3B73-4941-8452-54D94AA38117}.Release|Any CPU.ActiveCfg = Release|Any CPU
		{3758D6B9-3B73-4941-8452-54D94AA38117}.Release|Any CPU.Build.0 = Release|Any CPU
		{641FE1DA-52CB-4CE0-8D35-237E864E3303}.Debug|Any CPU.ActiveCfg = Debug|Any CPU
		{641FE1DA-52CB-4CE0-8D35-237E864E3303}.Debug|Any CPU.Build.0 = Debug|Any CPU
		{641FE1DA-52CB-4CE0-8D35-237E864E3303}.Release|Any CPU.ActiveCfg = Release|Any CPU
		{641FE1DA-52CB-4CE0-8D35-237E864E3303}.Release|Any CPU.Build.0 = Release|Any CPU
		{82304F43-500E-47BB-B8D5-05C275F910D3}.Debug|Any CPU.ActiveCfg = Debug|Any CPU
		{82304F43-500E-47BB-B8D5-05C275F910D3}.Debug|Any CPU.Build.0 = Debug|Any CPU
		{82304F43-500E-47BB-B8D5-05C275F910D3}.Release|Any CPU.ActiveCfg = Release|Any CPU
		{82304F43-500E-47BB-B8D5-05C275F910D3}.Release|Any CPU.Build.0 = Release|Any CPU
		{548816DE-8934-4F1D-AFA5-985843E3F258}.Debug|Any CPU.ActiveCfg = Debug|Any CPU
		{548816DE-8934-4F1D-AFA5-985843E3F258}.Debug|Any CPU.Build.0 = Debug|Any CPU
		{548816DE-8934-4F1D-AFA5-985843E3F258}.Release|Any CPU.ActiveCfg = Release|Any CPU
		{548816DE-8934-4F1D-AFA5-985843E3F258}.Release|Any CPU.Build.0 = Release|Any CPU
		{422C997B-D42E-45D8-9DBA-0ADFB90A61A3}.Debug|Any CPU.ActiveCfg = Debug|Any CPU
		{422C997B-D42E-45D8-9DBA-0ADFB90A61A3}.Debug|Any CPU.Build.0 = Debug|Any CPU
		{422C997B-D42E-45D8-9DBA-0ADFB90A61A3}.Release|Any CPU.ActiveCfg = Release|Any CPU
		{422C997B-D42E-45D8-9DBA-0ADFB90A61A3}.Release|Any CPU.Build.0 = Release|Any CPU
	EndGlobalSection
	GlobalSection(SolutionProperties) = preSolution
		HideSolutionNode = FALSE
	EndGlobalSection
	GlobalSection(NestedProjects) = preSolution
		{B701D9CF-BE9D-4382-B5FE-DC8B08E26174} = {A4EFD912-AF3D-45FA-B333-FCB5BD1E2E36}
		{A4EFD912-AF3D-45FA-B333-FCB5BD1E2E36} = {852FA537-8F28-40AA-B6F5-4105B0AECA80}
		{94730968-9D63-479D-AD5B-1774F711D2D2} = {852FA537-8F28-40AA-B6F5-4105B0AECA80}
		{3758D6B9-3B73-4941-8452-54D94AA38117} = {94730968-9D63-479D-AD5B-1774F711D2D2}
		{AA099EAB-F4FD-49E8-9A69-F64CFB731E3A} = {36D591C7-65C7-A0D1-1CBC-10CDE441BDC8}
		{641FE1DA-52CB-4CE0-8D35-237E864E3303} = {AA099EAB-F4FD-49E8-9A69-F64CFB731E3A}
		{051CB6B0-D678-4B00-AD11-C01E396821CD} = {852FA537-8F28-40AA-B6F5-4105B0AECA80}
		{82304F43-500E-47BB-B8D5-05C275F910D3} = {051CB6B0-D678-4B00-AD11-C01E396821CD}
		{09C29207-15E2-424F-8301-135A11D14860} = {E0459FC4-7716-45BA-B1EE-CDA5425CB6ED}
		{8029D1FC-D30A-4ED2-8A11-FFD5B5C73B64} = {E0459FC4-7716-45BA-B1EE-CDA5425CB6ED}
		{548816DE-8934-4F1D-AFA5-985843E3F258} = {09C29207-15E2-424F-8301-135A11D14860}
		{422C997B-D42E-45D8-9DBA-0ADFB90A61A3} = {8029D1FC-D30A-4ED2-8A11-FFD5B5C73B64}
	EndGlobalSection
	GlobalSection(ExtensibilityGlobals) = postSolution
		SolutionGuid = {FE241909-E3B8-47DA-84FA-3A20C4A5362E}
	EndGlobalSection
EndGlobal
